
Microsoft Visual Studio Solution File, Format Version 12.00
# Visual Studio Version 17
VisualStudioVersion = 17.14.36915.13 d17.14
MinimumVisualStudioVersion = 10.0.40219.1
Project("{FAE04EC0-301F-11D3-BF4B-00C04F79EFBC}") = "知识产权数字化平台", "知识产权数字化平台.csproj", "{84047FE4-A63B-46FB-9EC4-A0053045EA59}"
EndProject
Global
	GlobalSection(SolutionConfigurationPlatforms) = preSolution
		Debug|Any CPU = Debug|Any CPU
		Release|Any CPU = Release|Any CPU
	EndGlobalSection
	GlobalSection(ProjectConfigurationPlatforms) = postSolution
		{84047FE4-A63B-46FB-9EC4-A0053045EA59}.Debug|Any CPU.ActiveCfg = Debug|Any CPU
		{84047FE4-A63B-46FB-9EC4-A0053045EA59}.Debug|Any CPU.Build.0 = Debug|Any CPU
		{84047FE4-A63B-46FB-9EC4-A0053045EA59}.Release|Any CPU.ActiveCfg = Release|Any CPU
		{84047FE4-A63B-46FB-9EC4-A0053045EA59}.Release|Any CPU.Build.0 = Release|Any CPU
	EndGlobalSection
	GlobalSection(SolutionProperties) = preSolution
		HideSolutionNode = FALSE
	EndGlobalSection
	GlobalSection(ExtensibilityGlobals) = postSolution
		SolutionGuid = {31DBDD50-7C40-46EF-B92A-26B8270B7830}
	EndGlobalSection
EndGlobal
